
Microsoft Visual Studio Solution File, Format Version 12.00
# Visual Studio Version 16
VisualStudioVersion = 16.0.29418.71
MinimumVisualStudioVersion = 10.0.40219.1
Project("{FAE04EC0-301F-11D3-BF4B-00C04F79EFBC}") = "CustomFluentValidation", "CustomFluentValidation\CustomFluentValidation.csproj", "{F79F4323-1C45-4DBF-BA4A-7CFAB38CA2D8}"
EndProject
Project("{FAE04EC0-301F-11D3-BF4B-00C04F79EFBC}") = "ElectrixValidator", "ElectrixValidator\ElectrixValidator.csproj", "{12BC762F-642B-4CA0-94E3-F0346246EBF3}"
EndProject
Global
	GlobalSection(SolutionConfigurationPlatforms) = preSolution
		Debug|Any CPU = Debug|Any CPU
		Release|Any CPU = Release|Any CPU
	EndGlobalSection
	GlobalSection(ProjectConfigurationPlatforms) = postSolution
		{F79F4323-1C45-4DBF-BA4A-7CFAB38CA2D8}.Debug|Any CPU.ActiveCfg = Debug|Any CPU
		{F79F4323-1C45-4DBF-BA4A-7CFAB38CA2D8}.Debug|Any CPU.Build.0 = Debug|Any CPU
		{F79F4323-1C45-4DBF-BA4A-7CFAB38CA2D8}.Release|Any CPU.ActiveCfg = Release|Any CPU
		{F79F4323-1C45-4DBF-BA4A-7CFAB38CA2D8}.Release|Any CPU.Build.0 = Release|Any CPU
		{12BC762F-642B-4CA0-94E3-F0346246EBF3}.Debug|Any CPU.ActiveCfg = Debug|Any CPU
		{12BC762F-642B-4CA0-94E3-F0346246EBF3}.Debug|Any CPU.Build.0 = Debug|Any CPU
		{12BC762F-642B-4CA0-94E3-F0346246EBF3}.Release|Any CPU.ActiveCfg = Release|Any CPU
		{12BC762F-642B-4CA0-94E3-F0346246EBF3}.Release|Any CPU.Build.0 = Release|Any CPU
	EndGlobalSection
	GlobalSection(SolutionProperties) = preSolution
		HideSolutionNode = FALSE
	EndGlobalSection
	GlobalSection(ExtensibilityGlobals) = postSolution
		SolutionGuid = {8C3D065D-6845-40D7-9F91-0A31DCE32FB8}
	EndGlobalSection
EndGlobal
